
Microsoft Visual Studio Solution File, Format Version 12.00
# Visual Studio Version 17
VisualStudioVersion = 17.13.35931.197 d17.13
MinimumVisualStudioVersion = 10.0.40219.1
Project("{FAE04EC0-301F-11D3-BF4B-00C04F79EFBC}") = "ProfitFood.UI", "ProfitFood\ProfitFood.UI.csproj", "{96902602-14EE-4D15-B7E7-F1269D676700}"
EndProject
Project("{FAE04EC0-301F-11D3-BF4B-00C04F79EFBC}") = "ProfitFood.DAL", "ProfitFoot.DAL\ProfitFood.DAL.csproj", "{FA543451-B97C-400E-93D7-E347E9E8CEF2}"
	ProjectSection(ProjectDependencies) = postProject
		{05FA52B5-209A-48C7-9EA8-6FE9EA1BBEF1} = {05FA52B5-209A-48C7-9EA8-6FE9EA1BBEF1}
	EndProjectSection
EndProject
Project("{FAE04EC0-301F-11D3-BF4B-00C04F79EFBC}") = "ProfitFood.Model", "ProfitFood.Model\ProfitFood.Model.csproj", "{05FA52B5-209A-48C7-9EA8-6FE9EA1BBEF1}"
EndProject
Project("{FAE04EC0-301F-11D3-BF4B-00C04F79EFBC}") = "ProfitFood.Services", "ProfitFood.Services\ProfitFood.Services.csproj", "{45C19285-5308-4B40-BCA3-A3C5A53E0C69}"
EndProject
Project("{54435603-DBB4-11D2-8724-00A0C9A8B90C}") = "ProfitFood.Installer", "ProfitFood.Installer\ProfitFood.Installer.vdproj", "{24D88731-E343-83B1-FC1F-3DD767649AB9}"
EndProject
Project("{FAE04EC0-301F-11D3-BF4B-00C04F79EFBC}") = "ProfitFood.Tests", "ProfitFood.Tests\ProfitFood.Tests.csproj", "{7782AFE0-EAA6-44EA-A26F-2B52A9E82ADE}"
EndProject
Global
	GlobalSection(SolutionConfigurationPlatforms) = preSolution
		Debug|Any CPU = Debug|Any CPU
		Release|Any CPU = Release|Any CPU
	EndGlobalSection
	GlobalSection(ProjectConfigurationPlatforms) = postSolution
		{96902602-14EE-4D15-B7E7-F1269D676700}.Debug|Any CPU.ActiveCfg = Debug|Any CPU
		{96902602-14EE-4D15-B7E7-F1269D676700}.Debug|Any CPU.Build.0 = Debug|Any CPU
		{96902602-14EE-4D15-B7E7-F1269D676700}.Release|Any CPU.ActiveCfg = Release|Any CPU
		{96902602-14EE-4D15-B7E7-F1269D676700}.Release|Any CPU.Build.0 = Release|Any CPU
		{FA543451-B97C-400E-93D7-E347E9E8CEF2}.Debug|Any CPU.ActiveCfg = Debug|Any CPU
		{FA543451-B97C-400E-93D7-E347E9E8CEF2}.Debug|Any CPU.Build.0 = Debug|Any CPU
		{FA543451-B97C-400E-93D7-E347E9E8CEF2}.Release|Any CPU.ActiveCfg = Release|Any CPU
		{FA543451-B97C-400E-93D7-E347E9E8CEF2}.Release|Any CPU.Build.0 = Release|Any CPU
		{05FA52B5-209A-48C7-9EA8-6FE9EA1BBEF1}.Debug|Any CPU.ActiveCfg = Debug|Any CPU
		{05FA52B5-209A-48C7-9EA8-6FE9EA1BBEF1}.Debug|Any CPU.Build.0 = Debug|Any CPU
		{05FA52B5-209A-48C7-9EA8-6FE9EA1BBEF1}.Release|Any CPU.ActiveCfg = Release|Any CPU
		{05FA52B5-209A-48C7-9EA8-6FE9EA1BBEF1}.Release|Any CPU.Build.0 = Release|Any CPU
		{45C19285-5308-4B40-BCA3-A3C5A53E0C69}.Debug|Any CPU.ActiveCfg = Debug|Any CPU
		{45C19285-5308-4B40-BCA3-A3C5A53E0C69}.Debug|Any CPU.Build.0 = Debug|Any CPU
		{45C19285-5308-4B40-BCA3-A3C5A53E0C69}.Release|Any CPU.ActiveCfg = Release|Any CPU
		{45C19285-5308-4B40-BCA3-A3C5A53E0C69}.Release|Any CPU.Build.0 = Release|Any CPU
		{24D88731-E343-83B1-FC1F-3DD767649AB9}.Debug|Any CPU.ActiveCfg = Debug
		{24D88731-E343-83B1-FC1F-3DD767649AB9}.Release|Any CPU.ActiveCfg = Release
		{7782AFE0-EAA6-44EA-A26F-2B52A9E82ADE}.Debug|Any CPU.ActiveCfg = Debug|Any CPU
		{7782AFE0-EAA6-44EA-A26F-2B52A9E82ADE}.Debug|Any CPU.Build.0 = Debug|Any CPU
		{7782AFE0-EAA6-44EA-A26F-2B52A9E82ADE}.Release|Any CPU.ActiveCfg = Release|Any CPU
		{7782AFE0-EAA6-44EA-A26F-2B52A9E82ADE}.Release|Any CPU.Build.0 = Release|Any CPU
	EndGlobalSection
	GlobalSection(SolutionProperties) = preSolution
		HideSolutionNode = FALSE
	EndGlobalSection
	GlobalSection(ExtensibilityGlobals) = postSolution
		SolutionGuid = {2264723A-3FBA-4BE2-9182-40C4A9140753}
	EndGlobalSection
EndGlobal
